
Microsoft Visual Studio Solution File, Format Version 12.00
# Visual Studio Version 17
VisualStudioVersion = 17.6.33815.320
MinimumVisualStudioVersion = 10.0.40219.1
Project("{FAE04EC0-301F-11D3-BF4B-00C04F79EFBC}") = "Aula3", "Aula3\Aula3.csproj", "{817F9D2E-DE80-40AB-AFBB-0504CF78BF91}"
EndProject
Project("{FAE04EC0-301F-11D3-BF4B-00C04F79EFBC}") = "Aula4", "Aula4\Aula4.csproj", "{6EA38BDF-4147-4F7A-9122-03F7B536D6C0}"
EndProject
Global
	GlobalSection(SolutionConfigurationPlatforms) = preSolution
		Debug|Any CPU = Debug|Any CPU
		Release|Any CPU = Release|Any CPU
	EndGlobalSection
	GlobalSection(ProjectConfigurationPlatforms) = postSolution
		{817F9D2E-DE80-40AB-AFBB-0504CF78BF91}.Debug|Any CPU.ActiveCfg = Debug|Any CPU
		{817F9D2E-DE80-40AB-AFBB-0504CF78BF91}.Debug|Any CPU.Build.0 = Debug|Any CPU
		{817F9D2E-DE80-40AB-AFBB-0504CF78BF91}.Release|Any CPU.ActiveCfg = Release|Any CPU
		{817F9D2E-DE80-40AB-AFBB-0504CF78BF91}.Release|Any CPU.Build.0 = Release|Any CPU
		{6EA38BDF-4147-4F7A-9122-03F7B536D6C0}.Debug|Any CPU.ActiveCfg = Debug|Any CPU
		{6EA38BDF-4147-4F7A-9122-03F7B536D6C0}.Debug|Any CPU.Build.0 = Debug|Any CPU
		{6EA38BDF-4147-4F7A-9122-03F7B536D6C0}.Release|Any CPU.ActiveCfg = Release|Any CPU
		{6EA38BDF-4147-4F7A-9122-03F7B536D6C0}.Release|Any CPU.Build.0 = Release|Any CPU
	EndGlobalSection
	GlobalSection(SolutionProperties) = preSolution
		HideSolutionNode = FALSE
	EndGlobalSection
	GlobalSection(ExtensibilityGlobals) = postSolution
		SolutionGuid = {DE5BAE82-FC3E-4AE4-A636-A2D22A9143B3}
	EndGlobalSection
EndGlobal
